
Microsoft Visual Studio Solution File, Format Version 12.00
# Visual Studio Version 17
VisualStudioVersion = 17.10.35013.160
MinimumVisualStudioVersion = 10.0.40219.1
Project("{FAE04EC0-301F-11D3-BF4B-00C04F79EFBC}") = "tp1", "tp1\tp1.csproj", "{ADB83E99-6979-475E-8E42-C28610E1DC17}"
EndProject
Global
	GlobalSection(SolutionConfigurationPlatforms) = preSolution
		Debug|Any CPU = Debug|Any CPU
		Release|Any CPU = Release|Any CPU
	EndGlobalSection
	GlobalSection(ProjectConfigurationPlatforms) = postSolution
		{ADB83E99-6979-475E-8E42-C28610E1DC17}.Debug|Any CPU.ActiveCfg = Debug|Any CPU
		{ADB83E99-6979-475E-8E42-C28610E1DC17}.Debug|Any CPU.Build.0 = Debug|Any CPU
		{ADB83E99-6979-475E-8E42-C28610E1DC17}.Release|Any CPU.ActiveCfg = Release|Any CPU
		{ADB83E99-6979-475E-8E42-C28610E1DC17}.Release|Any CPU.Build.0 = Release|Any CPU
	EndGlobalSection
	GlobalSection(SolutionProperties) = preSolution
		HideSolutionNode = FALSE
	EndGlobalSection
	GlobalSection(ExtensibilityGlobals) = postSolution
		SolutionGuid = {10D207C2-F0DA-4272-8130-231F5A26E95D}
	EndGlobalSection
EndGlobal
